{
  "requires": true,
  "lockfileVersion": 1,
  "dependencies": {
    "react-native-image-with-placeholder": {
      "version": "0.1.1",
      "resolved": "https://registry.npmjs.org/react-native-image-with-placeholder/-/react-native-image-with-placeholder-0.1.1.tgz",
      "integrity": "sha1-jl2pwv2pSusVjNV89j8cx5eDD5M="
    }
  }
}
